github.com/99designs/gqlgen v0.17.74 h1:1FuVtkXxOc87xpKio3f6sohREmec+Jvy86PcYOuwgWo=
github.com/99designs/gqlgen v0.17.74/go.mod h1:a+iR6mfRLNRp++kDpooFHiPWYiWX3Yu1BIilQRHgh10=
github.com/DataDog/zstd v1.4.5 h1:EndNeuB0l9syBZhut0wns3gV1hL8zX8LIu6ZiVHWLIQ=
github.com/DataDog/zstd v1.4.5/go.mod h1:1jcaCB/ufaK+sKp1NBhlGmpz41jOoPQ35bpF36t7BBo=
github.com/PuerkitoBio/goquery v1.10.3 h1:pFYcNSqHxBD06Fpj/KsbStFRsgRATgnf3LeXiUkhzPo=
github.com/PuerkitoBio/goquery v1.10.3/go.mod h1:tMUX0zDMHXYlAQk6p35XxQMqMweEKB7iK7iLNd4RH4Y=
github.com/StackExchange/wmi v1.2.1 h1:VIkavFPXSjcnS+O8yTq7NI32k0R5Aj+v39y29VYDOSA=
github.com/StackExchange/wmi v1.2.1/go.mod h1:rcmrprowKIVzvc+NUiLncP2uuArMWLCbu9SBzvHz7e8=
github.com/VictoriaMetrics/fastcache v1.12.1 h1:i0mICQuojGDL3KblA7wUNlY5lOK6a4bwt3uRKnkZU40=
github.com/VictoriaMetrics/fastcache v1.12.1/go.mod h1:tX04vaqcNoQeGLD+ra5pU5sWkuxnzWhEzLwhP9w653o=
github.com/agnivade/levenshtein v1.2.1 h1:EHBY3UOn1gwdy/VbFwgo4cxecRznFk7fKWN1KOX7eoM=
github.com/agnivade/levenshtein v1.2.1/go.mod h1:QVVI16kDrtSuwcpd0p1+xMC6Z/VfhtCyDIjcwga4/DU=
github.com/andreyvit/diff v0.0.0-20170406064948-c7f18ee00883 h1:bvNMNQO63//z+xNgfBlViaCIJKLlCJ6/fmUseuG0wVQ=
github.com/andreyvit/diff v0.0.0-20170406064948-c7f18ee00883/go.mod h1:rCTlJbsFo29Kk6CurOXKm700vrz8f0KW0JNfpkRJY/8=
github.com/andybalholm/cascadia v1.3.3 h1:AG2YHrzJIm4BZ19iwJ/DAua6Btl3IwJX+VI4kktS1LM=
github.com/andybalholm/cascadia v1.3.3/go.mod h1:xNd9bqTn98Ln4DwST8/nG+H0yuB8Hmgu1YHNnWw0GeA=
github.com/arbovm/levenshtein v0.0.0-20160628152529-48b4e1c0c4d0 h1:jfIu9sQUG6Ig+0+Ap1h4unLjW6YQJpKZVmUzxsD4E/Q=
github.com/arbovm/levenshtein v0.0.0-20160628152529-48b4e1c0c4d0/go.mod h1:t2tdKJDJF9BV14lnkjHmOQgcvEKgtqs5a1N3LNdJhGE=
github.com/aws/aws-lambda-go v1.49.0 h1:z4VhTqkFZPM3xpEtTqWqRqsRH4TZBMJqTkRiBPYLqIQ=
github.com/aws/aws-lambda-go v1.49.0/go.mod h1:dpMpZgvWx5vuQJfBt0zqBha60q7Dd7RfgJv23DymV8A=
github.com/aws/aws-sdk-go v1.44.263/go.mod h1:aVsgQcEevwlmQ7qHE9I3h+dtQgpqhFB+i8Phjh7fkwI=
github.com/aws/aws-sdk-go-v2 v1.18.0/go.mod h1:uzbQtefpm44goOPmdKyAlXSNcwlRgF3ePWVW6EtJvvw=
github.com/aws/aws-sdk-go-v2 v1.36.3 h1:mJoei2CxPutQVxaATCzDUjcZEjVRdpsiiXi2o38yqWM=
github.com/aws/aws-sdk-go-v2 v1.36.3/go.mod h1:LLXuLpgzEbD766Z5ECcRmi8AzSwfZItDtmABVkRLGzg=
github.com/aws/aws-sdk-go-v2/aws/protocol/eventstream v1.6.10 h1:zAybnyUQXIZ5mok5Jqwlf58/TFE7uvd3IAsa1aF9cXs=
github.com/aws/aws-sdk-go-v2/aws/protocol/eventstream v1.6.10/go.mod h1:qqvMj6gHLR/EXWZw4ZbqlPbQUyenf4h82UQUlKc+l14=
github.com/aws/aws-sdk-go-v2/config v1.18.25/go.mod h1:dZnYpD5wTW/dQF0rRNLVypB396zWCcPiBIvdvSWHEg4=
github.com/aws/aws-sdk-go-v2/config v1.28.0 h1:FosVYWcqEtWNxHn8gB/Vs6jOlNwSoyOCA/g/sxyySOQ=
github.com/aws/aws-sdk-go-v2/config v1.28.0/go.mod h1:pYhbtvg1siOOg8h5an77rXle9tVG8T+BWLWAo7cOukc=
github.com/aws/aws-sdk-go-v2/credentials v1.13.24/go.mod h1:jYPYi99wUOPIFi0rhiOvXeSEReVOzBqFNOX5bXYoG2o=
github.com/aws/aws-sdk-go-v2/credentials v1.17.41 h1:7gXo+Axmp+R4Z+AK8YFQO0ZV3L0gizGINCOWxSLY9W8=
github.com/aws/aws-sdk-go-v2/credentials v1.17.41/go.mod h1:u4Eb8d3394YLubphT4jLEwN1rLNq2wFOlT6OuxFwPzU=
github.com/aws/aws-sdk-go-v2/feature/dynamodb/attributevalue v1.19.0 h1:F3W0YqWZrpCcelbvXMP9LWSTOI620aAq1+8fZ/71TBg=
github.com/aws/aws-sdk-go-v2/feature/dynamodb/attributevalue v1.19.0/go.mod h1:34X+UzFJwsQfyk5U1hYiCO/gv9ZVL+Hh8w+bJQ6+HbU=
github.com/aws/aws-sdk-go-v2/feature/dynamodb/expression v1.7.82 h1:bEqRM9xUdtGUCFWh8hUJfhJ8xYAt4SVnU17oBQLrGRQ=
github.com/aws/aws-sdk-go-v2/feature/dynamodb/expression v1.7.82/go.mod h1:/MSJkVWs5Ruc4RbjeyCMK2J/9J2aMJOiWzNhcFDfMZ4=
github.com/aws/aws-sdk-go-v2/feature/ec2/imds v1.13.3/go.mod h1:4Q0UFP0YJf0NrsEuEYHpM9fTSEVnD16Z3uyEF7J9JGM=
github.com/aws/aws-sdk-go-v2/feature/ec2/imds v1.16.17 h1:TMH3f/SCAWdNtXXVPPu5D6wrr4G5hI1rAxbcocKfC7Q=
github.com/aws/aws-sdk-go-v2/feature/ec2/imds v1.16.17/go.mod h1:1ZRXLdTpzdJb9fwTMXiLipENRxkGMTn1sfKexGllQCw=
github.com/aws/aws-sdk-go-v2/internal/configsources v1.1.33/go.mod h1:7i0PF1ME/2eUPFcjkVIwq+DOygHEoK92t5cDqNgYbIw=
github.com/aws/aws-sdk-go-v2/internal/configsources v1.3.34 h1:ZK5jHhnrioRkUNOc+hOgQKlUL5JeC3S6JgLxtQ+Rm0Q=
github.com/aws/aws-sdk-go-v2/internal/configsources v1.3.34/go.mod h1:p4VfIceZokChbA9FzMbRGz5OV+lekcVtHlPKEO0gSZY=
github.com/aws/aws-sdk-go-v2/internal/endpoints/v2 v2.4.27/go.mod h1:UrHnn3QV/d0pBZ6QBAEQcqFLf8FAzLmoUfPVIueOvoM=
github.com/aws/aws-sdk-go-v2/internal/endpoints/v2 v2.6.34 h1:SZwFm17ZUNNg5Np0ioo/gq8Mn6u9w19Mri8DnJ15Jf0=
github.com/aws/aws-sdk-go-v2/internal/endpoints/v2 v2.6.34/go.mod h1:dFZsC0BLo346mvKQLWmoJxT+Sjp+qcVR1tRVHQGOH9Q=
github.com/aws/aws-sdk-go-v2/internal/ini v1.3.34/go.mod h1:Etz2dj6UHYuw+Xw830KfzCfWGMzqvUTCjUj5b76GVDc=
github.com/aws/aws-sdk-go-v2/internal/ini v1.8.1 h1:VaRN3TlFdd6KxX1x3ILT5ynH6HvKgqdiXoTxAF4HQcQ=
github.com/aws/aws-sdk-go-v2/internal/ini v1.8.1/go.mod h1:FbtygfRFze9usAadmnGJNc8KsP346kEe+y2/oyhGAGc=
github.com/aws/aws-sdk-go-v2/internal/v4a v1.3.34 h1:ZNTqv4nIdE/DiBfUUfXcLZ/Spcuz+RjeziUtNJackkM=
github.com/aws/aws-sdk-go-v2/internal/v4a v1.3.34/go.mod h1:zf7Vcd1ViW7cPqYWEHLHJkS50X0JS2IKz9Cgaj6ugrs=
github.com/aws/aws-sdk-go-v2/service/apigatewaymanagementapi v1.24.2 h1:K8klcITUtmyEqBPjSq/rg0St/CsMUwfLwETjC3B4hUk=
github.com/aws/aws-sdk-go-v2/service/apigatewaymanagementapi v1.24.2/go.mod h1:zJtUxSHKzEvu7CeiViuk5MgDNTWaCSxrGtkJhzO3+A8=
github.com/aws/aws-sdk-go-v2/service/bedrockruntime v1.7.2 h1:J+a+y3Q8S021CPjpV4hmykYZ9rj6hz3i5CdjwS6WF40=
github.com/aws/aws-sdk-go-v2/service/bedrockruntime v1.7.2/go.mod h1:GodCGWC354HSLDs4LDVSa9wIO5n4/gusww/e2duy/84=
github.com/aws/aws-sdk-go-v2/service/comprehend v1.36.4 h1:AH3YRFTdz28c6RisffEpqG9xhq7V/tvm9XUho/YDIlM=
github.com/aws/aws-sdk-go-v2/service/comprehend v1.36.4/go.mod h1:Wztvp5ZZlbSeiRDcH/JII+W6yAHLXGSHt262NYcIy80=
github.com/aws/aws-sdk-go-v2/service/dynamodb v1.43.1 h1:YYjNTAyPL0425ECmq6Xm48NSXdT6hDVQmLOJZxyhNTM=
github.com/aws/aws-sdk-go-v2/service/dynamodb v1.43.1/go.mod h1:yYaWRnVSPyAmexW5t7G3TcuYoalYfT+xQwzWsvtUQ7M=
github.com/aws/aws-sdk-go-v2/service/dynamodbstreams v1.25.3 h1:GHC1WTF3ZBZy+gvz2qtYB6ttALVx35hlwc4IzOIUY7g=
github.com/aws/aws-sdk-go-v2/service/dynamodbstreams v1.25.3/go.mod h1:lUqWdw5/esjPTkITXhN4C66o1ltwDq2qQ12j3SOzhVg=
github.com/aws/aws-sdk-go-v2/service/internal/accept-encoding v1.12.3 h1:eAh2A4b5IzM/lum78bZ590jy36+d/aFLgKF/4Vd1xPE=
github.com/aws/aws-sdk-go-v2/service/internal/accept-encoding v1.12.3/go.mod h1:0yKJC/kb8sAnmlYa6Zs3QVYqaC8ug2AbnNChv5Ox3uA=
github.com/aws/aws-sdk-go-v2/service/internal/checksum v1.7.2 h1:BCG7DCXEXpNCcpwCxg1oi9pkJWH2+eZzTn9MY56MbVw=
github.com/aws/aws-sdk-go-v2/service/internal/checksum v1.7.2/go.mod h1:iu6FSzgt+M2/x3Dk8zhycdIcHjEFb36IS8HVUVFoMg0=
github.com/aws/aws-sdk-go-v2/service/internal/endpoint-discovery v1.10.15 h1:M1R1rud7HzDrfCdlBQ7NjnRsDNEhXO/vGhuD189Ggmk=
github.com/aws/aws-sdk-go-v2/service/internal/endpoint-discovery v1.10.15/go.mod h1:uvFKBSq9yMPV4LGAi7N4awn4tLY+hKE35f8THes2mzQ=
github.com/aws/aws-sdk-go-v2/service/internal/presigned-url v1.9.27/go.mod h1:EOwBD4J4S5qYszS5/3DpkejfuK+Z5/1uzICfPaZLtqw=
github.com/aws/aws-sdk-go-v2/service/internal/presigned-url v1.12.15 h1:dM9/92u2F1JbDaGooxTq18wmmFzbJRfXfVfy96/1CXM=
github.com/aws/aws-sdk-go-v2/service/internal/presigned-url v1.12.15/go.mod h1:SwFBy2vjtA0vZbjjaFtfN045boopadnoVPhu4Fv66vY=
github.com/aws/aws-sdk-go-v2/service/internal/s3shared v1.18.15 h1:moLQUoVq91LiqT1nbvzDukyqAlCv89ZmwaHw/ZFlFZg=
github.com/aws/aws-sdk-go-v2/service/internal/s3shared v1.18.15/go.mod h1:ZH34PJUc8ApjBIfgQCFvkWcUDBtl/WTD+uiYHjd8igA=
github.com/aws/aws-sdk-go-v2/service/kms v1.38.2 h1:945yEU8s1zYwy9s/2JzEJoHKvbAaZEkPqt8TOuO6r/g=
github.com/aws/aws-sdk-go-v2/service/kms v1.38.2/go.mod h1:cQn6tAF77Di6m4huxovNM7NVAozWTZLsDRp9t8Z/WYk=
github.com/aws/aws-sdk-go-v2/service/rekognition v1.46.3 h1:pvkv3epzOqAUXfnXRsWsExt1hUKeWlTCIJHqBGthnyc=
github.com/aws/aws-sdk-go-v2/service/rekognition v1.46.3/go.mod h1:swfmNjrxdah48vufQIKufR9NF0KK5aK53svDXO/KZcw=
github.com/aws/aws-sdk-go-v2/service/s3 v1.80.0 h1:fV4XIU5sn/x8gjRouoJpDVHj+ExJaUk4prYF+eb6qTs=
github.com/aws/aws-sdk-go-v2/service/s3 v1.80.0/go.mod h1:qbn305Je/IofWBJ4bJz/Q7pDEtnnoInw/dGt71v6rHE=
github.com/aws/aws-sdk-go-v2/service/sqs v1.38.5 h1:KNgVWw8qbPzjYnIF1gL0EAszy6VKGnmUK6VSm1huYY8=
github.com/aws/aws-sdk-go-v2/service/sqs v1.38.5/go.mod h1:Bar4MrRxeqdn6XIh8JGfiXuFRmyrrsZNTJotxEJmWW0=
github.com/aws/aws-sdk-go-v2/service/sso v1.12.10/go.mod h1:ouy2P4z6sJN70fR3ka3wD3Ro3KezSxU6eKGQI2+2fjI=
github.com/aws/aws-sdk-go-v2/service/sso v1.24.2 h1:bSYXVyUzoTHoKalBmwaZxs97HU9DWWI3ehHSAMa7xOk=
github.com/aws/aws-sdk-go-v2/service/sso v1.24.2/go.mod h1:skMqY7JElusiOUjMJMOv1jJsP7YUg7DrhgqZZWuzu1U=
github.com/aws/aws-sdk-go-v2/service/ssooidc v1.14.10/go.mod h1:AFvkxc8xfBe8XA+5St5XIHHrQQtkxqrRincx4hmMHOk=
github.com/aws/aws-sdk-go-v2/service/ssooidc v1.28.2 h1:AhmO1fHINP9vFYUE0LHzCWg/LfUWUF+zFPEcY9QXb7o=
github.com/aws/aws-sdk-go-v2/service/ssooidc v1.28.2/go.mod h1:o8aQygT2+MVP0NaV6kbdE1YnnIM8RRVQzoeUH45GOdI=
github.com/aws/aws-sdk-go-v2/service/sts v1.19.0/go.mod h1:BgQOMsg8av8jset59jelyPW7NoZcZXLVpDsXunGDrk8=
github.com/aws/aws-sdk-go-v2/service/sts v1.32.2 h1:CiS7i0+FUe+/YY1GvIBLLrR/XNGZ4CtM1Ll0XavNuVo=
github.com/aws/aws-sdk-go-v2/service/sts v1.32.2/go.mod h1:HtaiBI8CjYoNVde8arShXb94UbQQi9L4EMr6D+xGBwo=
github.com/aws/aws-sdk-go-v2/service/translate v1.29.2 h1:Cf84Ri0UJ/PIiNCsZrYidx42U8dzAdh6qwcMOSvCftU=
github.com/aws/aws-sdk-go-v2/service/translate v1.29.2/go.mod h1:SK7i+llJmeFf2ubUjLp6HRlaeuwv56bihp0bXiFwSiQ=
github.com/aws/smithy-go v1.13.5/go.mod h1:Tg+OJXh4MB2R/uN61Ko2f6hTZwB/ZYGOtib8J3gBHzA=
github.com/aws/smithy-go v1.22.2 h1:6D9hW43xKFrRx/tXXfAlIZc4JI+yQe6snnWcQyxSyLQ=
github.com/aws/smithy-go v1.22.2/go.mod h1:irrKGvNn1InZwb2d7fkIRNucdfwR8R+Ts3wxYa/cJHg=
github.com/awslabs/aws-lambda-go-api-proxy v0.16.2 h1:CJyGEyO1CIwOnXTU40urf0mchf6t3voxpvUDikOU9LY=
github.com/awslabs/aws-lambda-go-api-proxy v0.16.2/go.mod h1:vxxjwBHe/KbgFeNlAP/Tvp4SsVRL3WQamcWRxqVh0z0=
github.com/aymerick/douceur v0.2.0 h1:Mv+mAeH1Q+n9Fr+oyamOlAkUNPWPlA8PPGR0QAaYuPk=
github.com/aymerick/douceur v0.2.0/go.mod h1:wlT5vV2O3h55X9m7iVYN0TBM0NH/MmbLnd30/FjWUq4=
github.com/bbrks/go-blurhash v1.1.1 h1:uoXOxRPDca9zHYabUTwvS4KnY++KKUbwFo+Yxb8ME4M=
github.com/bbrks/go-blurhash v1.1.1/go.mod h1:lkAsdyXp+EhARcUo85yS2G1o+Sh43I2ebF5togC4bAY=
github.com/beorn7/perks v1.0.1 h1:VlbKKnNfV8bJzeqoa4cOKqO6bYr3WgKZxO8Z16+hsOM=
github.com/beorn7/perks v1.0.1/go.mod h1:G2ZrVWU2WbWT9wwq4/hrbKbnv/1ERSJQ0ibhJ6rlkpw=
github.com/bits-and-blooms/bitset v1.10.0 h1:ePXTeiPEazB5+opbv5fr8umg2R/1NlzgDsyepwsSr88=
github.com/bits-and-blooms/bitset v1.10.0/go.mod h1:7hO7Gc7Pp1vODcmWvKMRA9BNmbv6a/7QIWpPxHddWR8=
github.com/btcsuite/btcd/btcec/v2 v2.3.2 h1:5n0X6hX0Zk+6omWcihdYvdAlGf2DfasC0GMf7DClJ3U=
github.com/btcsuite/btcd/btcec/v2 v2.3.2/go.mod h1:zYzJ8etWJQIv1Ogk7OzpWjowwOdXY1W/17j2MW85J04=
github.com/btcsuite/btcd/chaincfg/chainhash v1.0.1 h1:q0rUy8C/TYNBQS1+CGKw68tLOFYSNEs0TFnxxnS9+4U=
github.com/btcsuite/btcd/chaincfg/chainhash v1.0.1/go.mod h1:7SFka0XMvUgj3hfZtydOrQY2mwhPclbT2snogU7SQQc=
github.com/bytedance/sonic v1.13.3 h1:MS8gmaH16Gtirygw7jV91pDCN33NyMrPbN7qiYhEsF0=
github.com/bytedance/sonic v1.13.3/go.mod h1:o68xyaF9u2gvVBuGHPlUVCy+ZfmNNO5ETf1+KgkJhz4=
github.com/bytedance/sonic/loader v0.1.1/go.mod h1:ncP89zfokxS5LZrJxl5z0UJcsk4M4yY2JpfqGeCtNLU=
github.com/bytedance/sonic/loader v0.2.4 h1:ZWCw4stuXUsn1/+zQDqeE7JKP+QO47tz7QCNan80NzY=
github.com/bytedance/sonic/loader v0.2.4/go.mod h1:N8A3vUdtUebEY2/VQC0MyhYeKUFosQU6FxH2JmUe6VI=
github.com/cespare/xxhash/v2 v2.2.0 h1:DC2CZ1Ep5Y4k3ZQ899DldepgrayRUGE6BBZ/cd9Cj44=
github.com/cespare/xxhash/v2 v2.2.0/go.mod h1:VGX0DQ3Q6kWi7AoAeZDth3/j3BFtOZR5XLFGgcrjCOs=
github.com/cloudwego/base64x v0.1.5 h1:XPciSp1xaq2VCSt6lF0phncD4koWyULpl5bUxbfCyP4=
github.com/cloudwego/base64x v0.1.5/go.mod h1:0zlkT4Wn5C6NdauXdJRhSKRlJvmclQ1hhJgA0rcu/8w=
github.com/cloudwego/iasm v0.2.0/go.mod h1:8rXZaNYT2n95jn+zTI1sDr+IgcD2GVs0nlbbQPiEFhY=
github.com/cockroachdb/errors v1.8.1 h1:A5+txlVZfOqFBDa4mGz2bUWSp0aHElvHX2bKkdbQu+Y=
github.com/cockroachdb/errors v1.8.1/go.mod h1:qGwQn6JmZ+oMjuLwjWzUNqblqk0xl4CVV3SQbGwK7Ac=
github.com/cockroachdb/logtags v0.0.0-20190617123548-eb05cc24525f h1:o/kfcElHqOiXqcou5a3rIlMc7oJbMQkeLk0VQJ7zgqY=
github.com/cockroachdb/logtags v0.0.0-20190617123548-eb05cc24525f/go.mod h1:i/u985jwjWRlyHXQbwatDASoW0RMlZ/3i9yJHE2xLkI=
github.com/cockroachdb/pebble v0.0.0-20230928194634-aa077af62593 h1:aPEJyR4rPBvDmeyi+l/FS/VtA00IWvjeFvjen1m1l1A=
github.com/cockroachdb/pebble v0.0.0-20230928194634-aa077af62593/go.mod h1:6hk1eMY/u5t+Cf18q5lFMUA1Rc+Sm5I6Ra1QuPyxXCo=
github.com/cockroachdb/redact v1.0.8 h1:8QG/764wK+vmEYoOlfobpe12EQcS81ukx/a4hdVMxNw=
github.com/cockroachdb/redact v1.0.8/go.mod h1:BVNblN9mBWFyMyqK1k3AAiSxhvhfK2oOZZ2lK+dpvRg=
github.com/cockroachdb/sentry-go v0.6.1-cockroachdb.2 h1:IKgmqgMQlVJIZj19CdocBeSfSaiCbEBZGKODaixqtHM=
github.com/cockroachdb/sentry-go v0.6.1-cockroachdb.2/go.mod h1:8BT+cPK6xvFOcRlk0R8eg+OTkcqI6baNH4xAkpiYVvQ=
github.com/cockroachdb/tokenbucket v0.0.0-20230807174530-cc333fc44b06 h1:zuQyyAKVxetITBuuhv3BI9cMrmStnpT18zmgmTxunpo=
github.com/cockroachdb/tokenbucket v0.0.0-20230807174530-cc333fc44b06/go.mod h1:7nc4anLGjupUW/PeY5qiNYsdNXj7zopG+eqsS7To5IQ=
github.com/consensys/bavard v0.1.13 h1:oLhMLOFGTLdlda/kma4VOJazblc7IM5y5QPd2A/YjhQ=
github.com/consensys/bavard v0.1.13/go.mod h1:9ItSMtA/dXMAiL7BG6bqW2m3NdSEObYWoH223nGHukI=
github.com/consensys/gnark-crypto v0.12.1 h1:lHH39WuuFgVHONRl3J0LRBtuYdQTumFSDtJF7HpyG8M=
github.com/consensys/gnark-crypto v0.12.1/go.mod h1:v2Gy7L/4ZRosZ7Ivs+9SfUDr0f5UlG+EM5t7MPHiLuY=
github.com/crate-crypto/go-ipa v0.0.0-20231025140028-3c0104f4b233 h1:d28BXYi+wUpz1KBmiF9bWrjEMacUEREV6MBi2ODnrfQ=
github.com/crate-crypto/go-ipa v0.0.0-20231025140028-3c0104f4b233/go.mod h1:geZJZH3SzKCqnz5VT0q/DyIG/tvu/dZk+VIfXicupJs=
github.com/crate-crypto/go-kzg-4844 v0.7.0 h1:C0vgZRk4q4EZ/JgPfzuSoxdCq3C3mOZMBShovmncxvA=
github.com/crate-crypto/go-kzg-4844 v0.7.0/go.mod h1:1kMhvPgI0Ky3yIa+9lFySEBUBXkYxeOi8ZF1sYioxhc=
github.com/davecgh/go-spew v1.1.0/go.mod h1:J7Y8YcW2NihsgmVo/mv3lAwl/skON4iLHjSsI+c5H38=
github.com/davecgh/go-spew v1.1.1 h1:vj9j/u1bqnvCEfJOwUhtlOARqs3+rkHYY13jYWTU97c=
github.com/davecgh/go-spew v1.1.1/go.mod h1:J7Y8YcW2NihsgmVo/mv3lAwl/skON4iLHjSsI+c5H38=
github.com/dchest/uniuri v1.2.0 h1:koIcOUdrTIivZgSLhHQvKgqdWZq5d7KdMEWF1Ud6+5g=
github.com/dchest/uniuri v1.2.0/go.mod h1:fSzm4SLHzNZvWLvWJew423PhAzkpNQYq+uNLq4kxhkY=
github.com/decred/dcrd/crypto/blake256 v1.0.0 h1:/8DMNYp9SGi5f0w7uCm6d6M4OU2rGFK09Y2A4Xv7EE0=
github.com/decred/dcrd/crypto/blake256 v1.0.0/go.mod h1:sQl2p6Y26YV+ZOcSTP6thNdn47hh8kt6rqSlvmrXFAc=
github.com/decred/dcrd/dcrec/secp256k1/v4 v4.1.0 h1:HbphB4TFFXpv7MNrT52FGrrgVXF1owhMVTHFZIlnvd4=
github.com/decred/dcrd/dcrec/secp256k1/v4 v4.1.0/go.mod h1:DZGJHZMqrU4JJqFAWUS2UO1+lbSKsdiOoYi9Zzey7Fc=
github.com/dgryski/trifles v0.0.0-20230903005119-f50d829f2e54 h1:SG7nF6SRlWhcT7cNTs5R6Hk4V2lcmLz2NsG2VnInyNo=
github.com/dgryski/trifles v0.0.0-20230903005119-f50d829f2e54/go.mod h1:if7Fbed8SFyPtHLHbg49SI7NAdJiC5WIA09pe59rfAA=
github.com/disintegration/imaging v1.6.2 h1:w1LecBlG2Lnp8B3jk5zSuNqd7b4DXhcjwek1ei82L+c=
github.com/disintegration/imaging v1.6.2/go.mod h1:44/5580QXChDfwIclfc/PCwrr44amcmDAg8hxG0Ewe4=
github.com/ethereum/c-kzg-4844 v0.4.0 h1:3MS1s4JtA868KpJxroZoepdV0ZKBp3u/O5HcZ7R3nlY=
github.com/ethereum/c-kzg-4844 v0.4.0/go.mod h1:VewdlzQmpT5QSrVhbBuGoCdFJkpaJlO1aQputP83wc0=
github.com/ethereum/go-ethereum v1.13.8 h1:1od+thJel3tM52ZUNQwvpYOeRHlbkVFZ5S8fhi0Lgsg=
github.com/ethereum/go-ethereum v1.13.8/go.mod h1:sc48XYQxCzH3fG9BcrXCOOgQk2JfZzNAmIKnceogzsA=
github.com/ethereum/go-ethereum v1.13.15 h1:U7sSGYGo4SPjP6iNIifNoyIAiNjrmQkz6EwQG+/EZWo=
github.com/ethereum/go-ethereum v1.13.15/go.mod h1:TN8ZiHrdJwSe8Cb6x+p0hs5CxhJZPbqB7hHkaUXcmIU=
github.com/fsnotify/fsnotify v1.7.0 h1:8JEhPFa5W2WU7YfeZzPNqzMP6Lwt7L2715Ggo0nosvA=
github.com/fsnotify/fsnotify v1.7.0/go.mod h1:40Bi/Hjc2AVfZrqy+aj+yEI+/bRxZnMJyTJwOpGvigM=
github.com/fxamacker/cbor/v2 v2.8.0 h1:fFtUGXUzXPHTIUdne5+zzMPTfffl3RD5qYnkY40vtxU=
github.com/fxamacker/cbor/v2 v2.8.0/go.mod h1:vM4b+DJCtHn+zz7h3FFp/hDAI9WNWCsZj23V5ytsSxQ=
github.com/gballet/go-verkle v0.1.1-0.20231031103413-a67434b50f46 h1:BAIP2GihuqhwdILrV+7GJel5lyPV3u1+PgzrWLc0TkE=
github.com/gballet/go-verkle v0.1.1-0.20231031103413-a67434b50f46/go.mod h1:QNpY22eby74jVhqH4WhDLDwxc/vqsern6pW+u2kbkpc=
github.com/go-chi/chi/v5 v5.2.1 h1:KOIHODQj58PmL80G2Eak4WdvUzjSJSm0vG72crDCqb8=
github.com/go-chi/chi/v5 v5.2.1/go.mod h1:L2yAIGWB3H+phAw1NxKwWM+7eUH/lU8pOMm5hHcoops=
github.com/go-ole/go-ole v1.2.5 h1:t4MGB5xEDZvXI+0rMjjsfBsD7yAgp/s9ZDkL1JndXwY=
github.com/go-ole/go-ole v1.2.5/go.mod h1:pprOEPIfldk/42T2oK7lQ4v4JSDwmV0As9GaiUsvbm0=
github.com/go-ole/go-ole v1.3.0 h1:Dt6ye7+vXGIKZ7Xtk4s6/xVdGDQynvom7xCFEdWr6uE=
github.com/go-viper/mapstructure/v2 v2.2.1 h1:ZAaOCxANMuZx5RCeg0mBdEZk7DZasvvZIxtHqx8aGss=
github.com/go-viper/mapstructure/v2 v2.2.1/go.mod h1:oJDH3BJKyqBA2TXFhDsKDGDTlndYOZ6rGS0BRZIxGhM=
github.com/go-webauthn/webauthn v0.13.0 h1:cJIL1/1l+22UekVhipziAaSgESJxokYkowUqAIsWs0Y=
github.com/go-webauthn/webauthn v0.13.0/go.mod h1:Oy9o2o79dbLKRPZWWgRIOdtBGAhKnDIaBp2PFkICRHs=
github.com/go-webauthn/x v0.1.21 h1:nFbckQxudvHEJn2uy1VEi713MeSpApoAv9eRqsb9AdQ=
github.com/go-webauthn/x v0.1.21/go.mod h1:sEYohtg1zL4An1TXIUIQ5csdmoO+WO0R4R2pGKaHYKA=
github.com/gofrs/flock v0.8.1 h1:+gYjHKf32LDeiEEFhQaotPbLuUXjY5ZqxKgXy7n59aw=
github.com/gofrs/flock v0.8.1/go.mod h1:F1TvTiK9OcQqauNUHlbJvyl9Qa1QvF/gOUDKA14jxHU=
github.com/gogo/protobuf v1.3.2 h1:Ov1cvc58UF3b5XjBnZv7+opcTcQFZebYjWzi34vdm4Q=
github.com/gogo/protobuf v1.3.2/go.mod h1:P1XiOD3dCwIKUDQYPy72D8LYyHL2YPYrpS2s69NZV8Q=
github.com/golang-jwt/jwt/v5 v5.2.2 h1:Rl4B7itRWVtYIHFrSNd7vhTiz9UpLdi6gZhZ3wEeDy8=
github.com/golang-jwt/jwt/v5 v5.2.2/go.mod h1:pqrtFR0X4osieyHYxtmOUWsAWrfe1Q5UVIyoH402zdk=
github.com/golang/protobuf v1.5.3 h1:KhyjKVUg7Usr/dYsdSqoFveMYd5ko72D+zANwlG1mmg=
github.com/golang/protobuf v1.5.3/go.mod h1:XVQd3VNwM+JqD3oG2Ue2ip4fOMUkwXdXDdiuN0vRsmY=
github.com/golang/snappy v0.0.5-0.20220116011046-fa5810519dcb h1:PBC98N2aIaM3XXiurYmW7fx4GZkL8feAMVq7nEjURHk=
github.com/golang/snappy v0.0.5-0.20220116011046-fa5810519dcb/go.mod h1:/XxbfmMg8lxefKM7IXC3fBNl/7bRcc72aCRzEWrmP2Q=
github.com/google/go-cmp v0.5.8/go.mod h1:17dUlkBOakJ0+DkrSSNjCkIjxS6bF9zb3elmeNGIjoY=
github.com/google/go-cmp v0.6.0 h1:ofyhxvXcZhMsU5ulbFiLKl/XBFqE1GSq7atu8tAmTRI=
github.com/google/go-cmp v0.6.0/go.mod h1:17dUlkBOakJ0+DkrSSNjCkIjxS6bF9zb3elmeNGIjoY=
github.com/google/go-tpm v0.9.5 h1:ocUmnDebX54dnW+MQWGQRbdaAcJELsa6PqZhJ48KwVU=
github.com/google/go-tpm v0.9.5/go.mod h1:h9jEsEECg7gtLis0upRBQU+GhYVH6jMjrFxI8u6bVUY=
github.com/google/subcommands v1.2.0/go.mod h1:ZjhPrFU+Olkh9WazFPsl27BQ4UPiG37m3yTrtFlrHVk=
github.com/google/uuid v1.6.0 h1:NIvaJDMOsjHA8n1jAhLSgzrAzy1Hgr+hNrb57e+94F0=
github.com/google/uuid v1.6.0/go.mod h1:TIyPZe4MgqvfeYDBFedMoGGpEw/LqOeaOT+nhxU+yHo=
github.com/gorilla/css v1.0.1 h1:ntNaBIghp6JmvWnxbZKANoLyuXTPZ4cAMlo6RyhlbO8=
github.com/gorilla/css v1.0.1/go.mod h1:BvnYkspnSzMmwRK+b8/xgNPLiIuNZr6vbZBTPQ2A3b0=
github.com/gorilla/websocket v1.5.0 h1:PPwGk2jz7EePpoHN/+ClbZu8SPxiqlu12wZP/3sWmnc=
github.com/gorilla/websocket v1.5.0/go.mod h1:YR8l580nyteQvAITg2hZ9XVh4b55+EU/adAjf1fMHhE=
github.com/graph-gophers/dataloader v5.0.0+incompatible h1:R+yjsbrNq1Mo3aPG+Z/EKYrXrXXUNJHOgbRt+U6jOug=
github.com/graph-gophers/dataloader v5.0.0+incompatible/go.mod h1:jk4jk0c5ZISbKaMe8WsVopGB5/15GvGHMdMdPtwlRp4=
github.com/hashicorp/golang-lru/v2 v2.0.7 h1:a+bsQ5rvGLjzHuww6tVxozPZFVghXaHOwFs4luLUK2k=
github.com/hashicorp/golang-lru/v2 v2.0.7/go.mod h1:QeFd9opnmA6QUJc5vARoKUSoFhyfM2/ZepoAG6RGpeM=
github.com/holiman/uint256 v1.2.4 h1:jUc4Nk8fm9jZabQuqr2JzednajVmBpC+oiTiXZJEApU=
github.com/holiman/uint256 v1.2.4/go.mod h1:EOMSn4q6Nyt9P6efbI3bueV4e1b3dGlUCXeiRV4ng7E=
github.com/jmespath/go-jmespath v0.4.0/go.mod h1:T8mJZnbsbmF+m6zOOFylbeCJqk5+pHWvzYPziyZiYoo=
github.com/jmespath/go-jmespath/internal/testify v1.5.1/go.mod h1:L3OGu8Wl2/fWfCI6z80xFu9LTZmf1ZRjMHUOPmWr69U=
github.com/klauspost/compress v1.17.4 h1:Ej5ixsIri7BrIjBkRZLTo6ghwrEtHFk7ijlczPW4fZ4=
github.com/klauspost/compress v1.17.4/go.mod h1:/dCuZOvVtNoHsyb+cuJD3itjs3NbnF6KH9zAO4BDxPM=
github.com/klauspost/cpuid/v2 v2.0.9/go.mod h1:FInQzS24/EEf25PyTYn52gqo7WaD8xa0213Md/qVLRg=
github.com/klauspost/cpuid/v2 v2.2.4 h1:acbojRNwl3o09bUq+yDCtZFc1aiwaAAxtcn8YkZXnvk=
github.com/klauspost/cpuid/v2 v2.2.4/go.mod h1:RVVoqg1df56z8g3pUjL/3lE5UfnlrJX8tyFgg4nqhuY=
github.com/knz/go-libedit v1.10.1/go.mod h1:MZTVkCWyz0oBc7JOWP3wNAzd002ZbM/5hgShxwh4x8M=
github.com/kr/pretty v0.3.1 h1:flRD4NNwYAUpkphVc1HcthR4KEIFJ65n8Mw5qdRn3LE=
github.com/kr/pretty v0.3.1/go.mod h1:hoEshYVHaxMs3cyo3Yncou5ZscifuDolrwPKZanG3xk=
github.com/kr/text v0.2.0 h1:5Nx0Ya0ZqY2ygV366QzturHI13Jq95ApcVaJBhpS+AY=
github.com/kr/text v0.2.0/go.mod h1:eLer722TekiGuMkidMxC/pM04lWEeraHUUmBw8l2grE=
github.com/kylelemons/godebug v1.1.0 h1:RPNrshWIDI6G2gRW9EHilWtl7Z6Sb1BR0xunSBf0SNc=
github.com/kylelemons/godebug v1.1.0/go.mod h1:9/0rRGxNHcop5bhtWyNeEfOS8JIWk580+fNqagV/RAw=
github.com/leanovate/gopter v0.2.9 h1:fQjYxZaynp97ozCzfOyOuAGOU4aU/z37zf/tOujFk7c=
github.com/leanovate/gopter v0.2.9/go.mod h1:U2L/78B+KVFIx2VmW6onHJQzXtFb+p5y3y2Sh+Jxxv8=
github.com/matryer/is v1.2.0 h1:92UTHpy8CDwaJ08GqLDzhhuixiBUUD1p3AU6PHddz4A=
github.com/matryer/is v1.2.0/go.mod h1:2fLPjFQM9rhQ15aVEtbuwhJinnOqrmgXPNdZsdwlWXA=
github.com/mattn/go-runewidth v0.0.15 h1:UNAjwbU9l54TA3KzvqLGxwWjHmMgBUVhBiTjelZgg3U=
github.com/mattn/go-runewidth v0.0.15/go.mod h1:Jdepj2loyihRzMpdS35Xk/zdY8IAYHsh153qUoGf23w=
github.com/matttproud/golang_protobuf_extensions v1.0.2-0.20181231171920-c182affec369 h1:I0XW9+e1XWDxdcEniV4rQAIOPUGDq67JSCiRCgGCZLI=
github.com/matttproud/golang_protobuf_extensions v1.0.2-0.20181231171920-c182affec369/go.mod h1:BSXmuO+STAnVfrANrmjBb36TMTDstsz7MSK+HVaYKv4=
github.com/microcosm-cc/bluemonday v1.0.27 h1:MpEUotklkwCSLeH+Qdx1VJgNqLlpY2KXwXFM08ygZfk=
github.com/microcosm-cc/bluemonday v1.0.27/go.mod h1:jFi9vgW+H7c3V0lb6nR74Ib/DIB5OBs92Dimizgw2cA=
github.com/mitchellh/mapstructure v1.5.0 h1:jeMsZIYE/09sWLaz43PL7Gy6RuMjD2eJVyuac5Z2hdY=
github.com/mitchellh/mapstructure v1.5.0/go.mod h1:bFUtVrKA4DC2yAKiSyO/QUcy7e+RRV2QTWOzhPopBRo=
github.com/mmcloughlin/addchain v0.4.0 h1:SobOdjm2xLj1KkXN5/n0xTIWyZA2+s99UCY1iPfkHRY=
github.com/mmcloughlin/addchain v0.4.0/go.mod h1:A86O+tHqZLMNO4w6ZZ4FlVQEadcoqkyU72HC5wJ4RlU=
github.com/mmcloughlin/profile v0.1.1/go.mod h1:IhHD7q1ooxgwTgjxQYkACGA77oFTDdFVejUS1/tS/qU=
github.com/nxadm/tail v1.4.11 h1:8feyoE3OzPrcshW5/MJ4sGESc5cqmGkGCWlco4l0bqY=
github.com/nxadm/tail v1.4.11/go.mod h1:OTaG3NK980DZzxbRq6lEuzgU+mug70nY11sMd4JXXHc=
github.com/olekukonko/tablewriter v0.0.5 h1:P2Ga83D34wi1o9J6Wh1mRuqd4mF/x/lgBS7N7AbDhec=
github.com/olekukonko/tablewriter v0.0.5/go.mod h1:hPp6KlRPjbx+hW8ykQs1w3UBbZlj6HuIJcUGPhkA7kY=
github.com/onsi/ginkgo v1.16.5 h1:8xi0RTUf59SOSfEtZMvwTvXYMzG4gV23XVHOZiXNtnE=
github.com/onsi/ginkgo v1.16.5/go.mod h1:+E8gABHa3K6zRBolWtd+ROzc/U5bkGt0FwiG042wbpU=
github.com/onsi/gomega v1.27.7 h1:fVih9JD6ogIiHUN6ePK7HJidyEDpWGVB5mzM7cWNXoU=
github.com/onsi/gomega v1.27.7/go.mod h1:1p8OOlwo2iUUDsHnOrjE5UKYJ+e3W8eQ3qSlRahPmr4=
github.com/opensearch-project/opensearch-go/v2 v2.3.0 h1:nQIEMr+A92CkhHrZgUhcfsrZjibvB3APXf2a1VwCmMQ=
github.com/opensearch-project/opensearch-go/v2 v2.3.0/go.mod h1:8LDr9FCgUTVoT+5ESjc2+iaZuldqE+23Iq0r1XeNue8=
github.com/opentracing/opentracing-go v1.1.0 h1:pWlfV3Bxv7k65HYwkikxat0+s3pV4bsqf19k25Ur8rU=
github.com/opentracing/opentracing-go v1.1.0/go.mod h1:UkNAQd3GIcIGf0SeVgPpRdFStlNbqXla1AfSYxPUl2o=
github.com/pkg/errors v0.9.1 h1:FEBLx1zS214owpjy7qsBeixbURkuhQAwrK5UwLGTwt4=
github.com/pkg/errors v0.9.1/go.mod h1:bwawxfHBFNV+L2hUp1rHADufV3IMtnDRdf1r5NINEl0=
github.com/pmezard/go-difflib v1.0.0 h1:4DBwDE0NGyQoBHbLQYPwSUPoCMWR5BEzIk/f1lZbAQM=
github.com/pmezard/go-difflib v1.0.0/go.mod h1:iKH77koFhYxTK1pcRnkKkqfTogsbg7gZNVY4sRDYZ/4=
github.com/prometheus/client_golang v1.12.0 h1:C+UIj/QWtmqY13Arb8kwMt5j34/0Z2iKamrJ+ryC0Gg=
github.com/prometheus/client_golang v1.12.0/go.mod h1:3Z9XVyYiZYEO+YQWt3RD2R3jrbd179Rt297l4aS6nDY=
github.com/prometheus/client_model v0.2.1-0.20210607210712-147c58e9608a h1:CmF68hwI0XsOQ5UwlBopMi2Ow4Pbg32akc4KIVCOm+Y=
github.com/prometheus/client_model v0.2.1-0.20210607210712-147c58e9608a/go.mod h1:LDGWKZIo7rky3hgvBe+caln+Dr3dPggB5dvjtD7w9+w=
github.com/prometheus/common v0.32.1 h1:hWIdL3N2HoUx3B8j3YN9mWor0qhY/NlEKZEaXxuIRh4=
github.com/prometheus/common v0.32.1/go.mod h1:vu+V0TpY+O6vW9J44gczi3Ap/oXXR10b+M/gUGO4Hls=
github.com/prometheus/procfs v0.7.3 h1:4jVXhlkAyzOScmCkXBTOLRLTz8EeU+eyjrwB/EPq0VU=
github.com/prometheus/procfs v0.7.3/go.mod h1:cz+aTbrPOrUb4q7XlbU9ygM+/jj0fzG6c1xBZuNvfVA=
github.com/relvacode/iso8601 v1.1.1-0.20210511065120-b30b151cc433 h1:mLbKGKe5gDGHE8uJLYMmA/fkp/htaXEMl2Hj0k4xfYE=
github.com/relvacode/iso8601 v1.1.1-0.20210511065120-b30b151cc433/go.mod h1:FlNp+jz+TXpyRqgmM7tnzHHzBnz776kmAH2h3sZCn0I=
github.com/rivo/uniseg v0.2.0 h1:S1pD9weZBuJdFmowNwbpi7BJ8TNftyUImj/0WQi72jY=
github.com/rivo/uniseg v0.2.0/go.mod h1:J6wj4VEh+S6ZtnVlnTBMWIodfgj8LQOQFoIToxlJtxc=
github.com/rogpeppe/go-internal v1.9.0 h1:73kH8U+JUqXU8lRuOHeVHaa/SZPifC7BkcraZVejAe8=
github.com/rogpeppe/go-internal v1.9.0/go.mod h1:WtVeX8xhTBvf0smdhujwtBcq4Qrzq/fJaraNFVN+nFs=
github.com/sergi/go-diff v1.3.1 h1:xkr+Oxo4BOQKmkn/B9eMK0g5Kg/983T9DqqPHwYqD+8=
github.com/sergi/go-diff v1.3.1/go.mod h1:aMJSSKb2lpPvRNec0+w3fl7LP9IOFzdc9Pa4NFbPK1I=
github.com/shirou/gopsutil v3.21.4-0.20210419000835-c7a38de76ee5+incompatible h1:Bn1aCHHRnjv4Bl16T8rcaFjYSrGrIZvpiGO6P3Q4GpU=
github.com/shirou/gopsutil v3.21.4-0.20210419000835-c7a38de76ee5+incompatible/go.mod h1:5b4v6he4MtMOwMlS0TUMTu2PcXUg8+E1lC7eC3UO/RA=
github.com/sosodev/duration v1.3.1 h1:qtHBDMQ6lvMQsL15g4aopM4HEfOaYuhWBw3NPTtlqq4=
github.com/sosodev/duration v1.3.1/go.mod h1:RQIBBX0+fMLc/D9+Jb/fwvVmo0eZvDDEERAikUR6SDg=
github.com/spruceid/siwe-go v0.2.1 h1:BroySys6CyUzeyNppTseEOT/w56xTdOfcmECTI7rnuc=
github.com/spruceid/siwe-go v0.2.1/go.mod h1:MHpHbptGsM3lHth2L8quhZ9ipiwST8zsJH1CjWpeO1k=
github.com/stretchr/objx v0.1.0/go.mod h1:HFkY916IF+rwdDfMAkV7OtwuqBVzrE8GR6GFx+wExME=
github.com/stretchr/objx v0.4.0/go.mod h1:YvHI0jy2hoMjB+UWwv71VJQ9isScKT/TqJzVSSt89Yw=
github.com/stretchr/objx v0.5.0/go.mod h1:Yh+to48EsGEfYuaHDzXPcE3xhTkx73EhmCGUpEOglKo=
github.com/stretchr/objx v0.5.2 h1:xuMeJ0Sdp5ZMRXx/aWO6RZxdr3beISkG5/G/aIRr3pY=
github.com/stretchr/objx v0.5.2/go.mod h1:FRsXN1f5AsAjCGJKqEizvkpNtU+EGNCLh3NxZ/8L+MA=
github.com/stretchr/testify v1.7.0/go.mod h1:6Fq8oRcR53rry900zMqJjRRixrwX3KX962/h/Wwjteg=
github.com/stretchr/testify v1.7.1/go.mod h1:6Fq8oRcR53rry900zMqJjRRixrwX3KX962/h/Wwjteg=
github.com/stretchr/testify v1.8.0/go.mod h1:yNjHg4UonilssWZ8iaSj1OCr/vHnekPRkoO+kdMU+MU=
github.com/stretchr/testify v1.8.1/go.mod h1:w2LPCIKwWwSfY2zedu0+kehJoqGctiVI29o6fzry7u4=
github.com/stretchr/testify v1.8.2/go.mod h1:w2LPCIKwWwSfY2zedu0+kehJoqGctiVI29o6fzry7u4=
github.com/stretchr/testify v1.10.0 h1:Xv5erBjTwe/5IxqUQTdXv5kgmIvbHo3QQyRwhJsOfJA=
github.com/stretchr/testify v1.10.0/go.mod h1:r2ic/lqez/lEtzL7wO/rwa5dbSLXVDPFyf8C91i36aY=
github.com/supranational/blst v0.3.11 h1:LyU6FolezeWAhvQk0k6O/d49jqgO52MSDDfYgbeoEm4=
github.com/supranational/blst v0.3.11/go.mod h1:jZJtfjgudtNl4en1tzwPIV3KjUnQUvG3/j+w+fVonLw=
github.com/syndtr/goleveldb v1.0.1-0.20210819022825-2ae1ddf74ef7 h1:epCh84lMvA70Z7CTTCmYQn2CKbY8j86K7/FAIr141uY=
github.com/syndtr/goleveldb v1.0.1-0.20210819022825-2ae1ddf74ef7/go.mod h1:q4W45IWZaF22tdD+VEXcAWRA037jwmWEB5VWYORlTpc=
github.com/tklauser/go-sysconf v0.3.12 h1:0QaGUFOdQaIVdPgfITYzaTegZvdCjmYO52cSFAEVmqU=
github.com/tklauser/go-sysconf v0.3.12/go.mod h1:Ho14jnntGE1fpdOqQEEaiKRpvIavV0hSfmBq8nJbHYI=
github.com/tklauser/numcpus v0.6.1 h1:ng9scYS7az0Bk4OZLvrNXNSAO2Pxr1XXRAPyjhIx+Fk=
github.com/tklauser/numcpus v0.6.1/go.mod h1:1XfjsgE2zo8GVw7POkMbHENHzVg3GzmoZ9fESEdAacY=
github.com/twitchyliquid64/golang-asm v0.15.1 h1:SU5vSMR7hnwNxj24w34ZyCi/FmDZTkS4MhqMhdFk5YI=
github.com/twitchyliquid64/golang-asm v0.15.1/go.mod h1:a1lVb/DtPvCB8fslRZhAngC2+aY1QWCk3Cedj/Gdt08=
github.com/vektah/gqlparser/v2 v2.5.27 h1:RHPD3JOplpk5mP5JGX8RKZkt2/Vwj/PZv0HxTdwFp0s=
github.com/vektah/gqlparser/v2 v2.5.27/go.mod h1:D1/VCZtV3LPnQrcPBeR/q5jkSQIPti0uYCP/RI0gIeo=
github.com/x448/float16 v0.8.4 h1:qLwI1I70+NjRFUR3zs1JPUCgaCXSh3SW62uAKT1mSBM=
github.com/x448/float16 v0.8.4/go.mod h1:14CWIYCyZA/cWjXOioeEpHeN/83MdbZDRQHoFcYsOfg=
github.com/yuin/goldmark v1.4.13/go.mod h1:6yULJ656Px+3vBD8DxQVa3kxgyrAnzto9xy5taEt/CY=
go.uber.org/goleak v1.3.0 h1:2K3zAYmnTNqV73imy9J1T3WC+gmCePx2hEGkimedGto=
go.uber.org/goleak v1.3.0/go.mod h1:CoHD4mav9JJNrW/WLlf7HGZPjdw8EucARQHekz1X6bE=
go.uber.org/multierr v1.10.0 h1:S0h4aNzvfcFsC3dRF1jLoaov7oRaKqRGC/pUEJ2yvPQ=
go.uber.org/multierr v1.10.0/go.mod h1:20+QtiLqy0Nd6FdQB9TLXag12DsQkrbs3htMFfDN80Y=
go.uber.org/zap v1.27.0 h1:aJMhYGrd5QSmlpLMr2MftRKl7t8J8PTZPA732ud/XR8=
go.uber.org/zap v1.27.0/go.mod h1:GB2qFLM7cTU87MWRP2mPIjqfIDnGu+VIO4V/SdhGo2E=
golang.org/x/arch v0.3.0 h1:02VY4/ZcO/gBOH6PUaoiptASxtXU10jazRCP865E97k=
golang.org/x/arch v0.3.0/go.mod h1:5om86z9Hs0C8fWVUuoMHwpExlXzs5Tkyp9hOrfG7pp8=
golang.org/x/crypto v0.0.0-20190308221718-c2843e01d9a2/go.mod h1:djNgcEr1/C05ACkg1iLfiJU5Ep61QUkGW8qpdssI0+w=
golang.org/x/crypto v0.0.0-20210921155107-089bfa567519/go.mod h1:GvvjBRRGRdwPK5ydBHafDWAxML/pGHZbMvKqRZ5+Abc=
golang.org/x/crypto v0.39.0 h1:SHs+kF4LP+f+p14esP5jAoDpHU8Gu/v9lFRK6IT5imM=
golang.org/x/crypto v0.39.0/go.mod h1:L+Xg3Wf6HoL4Bn4238Z6ft6KfEpN0tJGo53AAPC632U=
golang.org/x/exp v0.0.0-20240112132812-db7319d0e0e3 h1:hNQpMuAJe5CtcUqCXaWga3FHu+kQvCqcsoVaQgSV60o=
golang.org/x/exp v0.0.0-20240112132812-db7319d0e0e3/go.mod h1:idGWGoKP1toJGkd5/ig9ZLuPcZBC3ewk7SzmH0uou08=
golang.org/x/image v0.0.0-20191009234506-e7c1f5e7dbb8/go.mod h1:FeLwcggjj3mMvU+oOTbSwawSJRM1uh48EjtB4UJZlP0=
golang.org/x/image v0.28.0 h1:gdem5JW1OLS4FbkWgLO+7ZeFzYtL3xClb97GaUzYMFE=
golang.org/x/image v0.28.0/go.mod h1:GUJYXtnGKEUgggyzh+Vxt+AviiCcyiwpsl8iQ8MvwGY=
golang.org/x/mod v0.6.0-dev.0.20220419223038-86c51ed26bb4/go.mod h1:jJ57K6gSWd91VN4djpZkiMVwK6gcyfeH4XE8wZrZaV4=
golang.org/x/net v0.0.0-20190620200207-3b0461eec859/go.mod h1:z5CRVTTTmAJ677TzLLGU+0bjPO0LkuOLi4/5GtJWs/s=
golang.org/x/net v0.0.0-20210226172049-e18ecbb05110/go.mod h1:m0MpNAwzfU5UDzcl9v0D8zg8gWTRqZa9RBIspLL5mdg=
golang.org/x/net v0.0.0-20220722155237-a158d28d115b/go.mod h1:XRhObCWvk6IyKnWLug+ECip1KBveYUHfp+8e9klMJ9c=
golang.org/x/net v0.1.0/go.mod h1:Cx3nUiGt4eDBEyega/BKRp+/AlGL8hYe7U9odMt2Cco=
golang.org/x/net v0.7.0/go.mod h1:2Tu9+aMcznHK/AK1HMvgo6xiTLG5rD5rZLDS+rp2Bjs=
golang.org/x/net v0.41.0 h1:vBTly1HeNPEn3wtREYfy4GZ/NECgw2Cnl+nK6Nz3uvw=
golang.org/x/net v0.41.0/go.mod h1:B/K4NNqkfmg07DQYrbwvSluqCJOOXwUjeb/5lOisjbA=
golang.org/x/sync v0.0.0-20190423024810-112230192c58/go.mod h1:RxMgew5VJxzue5/jJTE5uejpjVlOe/izrB70Jof72aM=
golang.org/x/sync v0.0.0-20220722155255-886fb9371eb4/go.mod h1:RxMgew5VJxzue5/jJTE5uejpjVlOe/izrB70Jof72aM=
golang.org/x/sync v0.15.0 h1:KWH3jNZsfyT6xfAfKiz6MRNmd46ByHDYaZ7KSkCtdW8=
golang.org/x/sync v0.15.0/go.mod h1:1dzgHSNfp02xaA81J2MS99Qcpr2w7fw1gpm99rleRqA=
golang.org/x/sys v0.0.0-20190215142949-d0b11bdaac8a/go.mod h1:STP8DvDyc/dI5b8T5hshtkjS+E42TnysNCUPdjciGhY=
golang.org/x/sys v0.0.0-20201119102817-f84b799fce68/go.mod h1:h1NjWce9XRLGQEsW7wpKNCjG9DtNlClVuFLEZdDNbEs=
golang.org/x/sys v0.0.0-20210615035016-665e8c7367d1/go.mod h1:oPkhp1MJrh7nUepCBck5+mAzfO9JrbApNNgaTdGDITg=
golang.org/x/sys v0.0.0-20220520151302-bc2c85ada10a/go.mod h1:oPkhp1MJrh7nUepCBck5+mAzfO9JrbApNNgaTdGDITg=
golang.org/x/sys v0.0.0-20220704084225-05e143d24a9e/go.mod h1:oPkhp1MJrh7nUepCBck5+mAzfO9JrbApNNgaTdGDITg=
golang.org/x/sys v0.0.0-20220722155257-8c9f86f7a55f/go.mod h1:oPkhp1MJrh7nUepCBck5+mAzfO9JrbApNNgaTdGDITg=
golang.org/x/sys v0.1.0/go.mod h1:oPkhp1MJrh7nUepCBck5+mAzfO9JrbApNNgaTdGDITg=
golang.org/x/sys v0.5.0/go.mod h1:oPkhp1MJrh7nUepCBck5+mAzfO9JrbApNNgaTdGDITg=
golang.org/x/sys v0.33.0 h1:q3i8TbbEz+JRD9ywIRlyRAQbM0qF7hu24q3teo2hbuw=
golang.org/x/sys v0.33.0/go.mod h1:BJP2sWEmIv4KK5OTEluFJCKSidICx8ciO85XgH3Ak8k=
golang.org/x/term v0.0.0-20201126162022-7de9c90e9dd1/go.mod h1:bj7SfCRtBDWHUb9snDiAeCFNEtKQo2Wmx5Cou7ajbmo=
golang.org/x/term v0.0.0-20210927222741-03fcf44c2211/go.mod h1:jbD1KX2456YbFQfuXm/mYQcufACuNUgVhRMnK/tPxf8=
golang.org/x/term v0.1.0/go.mod h1:jbD1KX2456YbFQfuXm/mYQcufACuNUgVhRMnK/tPxf8=
golang.org/x/term v0.5.0/go.mod h1:jMB1sMXY+tzblOD4FWmEbocvup2/aLOaQEp7JmGp78k=
golang.org/x/text v0.3.0/go.mod h1:NqM8EUOU14njkJ3fqMW+pc6Ldnwhi/IjpwHt7yyuwOQ=
golang.org/x/text v0.3.3/go.mod h1:5Zoc/QRtKVWzQhOtBMvqHzDpF6irO9z98xDceosuGiQ=
golang.org/x/text v0.3.7/go.mod h1:u+2+/6zg+i71rQMx5EYifcz6MCKuco9NR6JIITiCfzQ=
golang.org/x/text v0.4.0/go.mod h1:mrYo+phRRbMaCq/xk9113O4dZlRixOauAjOtrjsXDZ8=
golang.org/x/text v0.7.0/go.mod h1:mrYo+phRRbMaCq/xk9113O4dZlRixOauAjOtrjsXDZ8=
golang.org/x/text v0.26.0 h1:P42AVeLghgTYr4+xUnTRKDMqpar+PtX7KWuNQL21L8M=
golang.org/x/text v0.26.0/go.mod h1:QK15LZJUUQVJxhz7wXgxSy/CJaTFjd0G+YLonydOVQA=
golang.org/x/tools v0.0.0-20180917221912-90fa682c2a6e/go.mod h1:n7NCudcB/nEzxVGmLbDWY5pfWTLqBcC2KZ6jyYvM4mQ=
golang.org/x/tools v0.0.0-20191119224855-298f0cb1881e/go.mod h1:b+2E5dAYhXwXZwtnZ6UAqBI28+e2cm9otk0dWdXHAEo=
golang.org/x/tools v0.1.12/go.mod h1:hNGJHUnrk76NpqgfD5Aqm5Crs+Hm0VOH/i9J2+nxYbc=
golang.org/x/xerrors v0.0.0-20190717185122-a985d3407aa7/go.mod h1:I/5z698sn9Ka8TeJc9MKroUUfqBBauWjQqLJ2OPfmY0=
google.golang.org/protobuf v1.36.6 h1:z1NpPI8ku2WgiWnf+t9wTPsn6eP1L7ksHUlkfLvd9xY=
google.golang.org/protobuf v1.36.6/go.mod h1:jduwjTPXsFjZGTmRluh+L6NjiWu7pchiJ2/5YcXBHnY=
gopkg.in/check.v1 v0.0.0-20161208181325-20d25e280405/go.mod h1:Co6ibVJAznAaIkqp8huTwlJQCZ016jof/cbN4VW5Yz0=
gopkg.in/check.v1 v1.0.0-20201130134442-10cb98267c6c h1:Hei/4ADfdWqJk1ZMxUNpqntNwaWcugrBjAiHlqqRiVk=
gopkg.in/check.v1 v1.0.0-20201130134442-10cb98267c6c/go.mod h1:JHkPIbrfpd72SG/EVd6muEfDQjcINNoR0C8j2r3qZ4Q=
gopkg.in/tomb.v1 v1.0.0-20141024135613-dd632973f1e7 h1:uRGJdciOHaEIrze2W8Q3AKkepLTh2hOroT7a+7czfdQ=
gopkg.in/tomb.v1 v1.0.0-20141024135613-dd632973f1e7/go.mod h1:dt/ZhP58zS4L8KSrWDmTeBkI65Dw0HsyUHuEVlX15mw=
gopkg.in/yaml.v2 v2.2.8/go.mod h1:hI93XBmqTisBFMUTm0b8Fm+jr3Dg1NNxqwp+5A1VGuI=
gopkg.in/yaml.v2 v2.4.0 h1:D8xgwECY7CYvx+Y2n4sBz93Jn9JRvxdiyyo8CTfuKaY=
gopkg.in/yaml.v2 v2.4.0/go.mod h1:RDklbk79AGWmwhnvt/jBztapEOGDOx6ZbXqjP6csGnQ=
gopkg.in/yaml.v3 v3.0.0-20200313102051-9f266ea9e77c/go.mod h1:K4uyk7z7BCEPqu6E+C64Yfv1cQ7kz7rIZviUmN+EgEM=
gopkg.in/yaml.v3 v3.0.1 h1:fxVm/GzAzEWqLHuvctI91KS9hhNmmWOoWu0XTYJS7CA=
gopkg.in/yaml.v3 v3.0.1/go.mod h1:K4uyk7z7BCEPqu6E+C64Yfv1cQ7kz7rIZviUmN+EgEM=
nullprogram.com/x/optparse v1.0.0/go.mod h1:KdyPE+Igbe0jQUrVfMqDMeJQIJZEuyV7pjYmp6pbG50=
rsc.io/tmplfunc v0.0.3 h1:53XFQh69AfOa8Tw0Jm7t+GV7KZhOi6jzsCzTtKbMvzU=
rsc.io/tmplfunc v0.0.3/go.mod h1:AG3sTPzElb1Io3Yg4voV9AGZJuleGAwaVRxL9M49PhA=
